
Microsoft Visual Studio Solution File, Format Version 12.00
# Visual Studio Version 16
VisualStudioVersion = 16.6.30114.105
MinimumVisualStudioVersion = 10.0.40219.1
Project("{FAE04EC0-301F-11D3-BF4B-00C04F79EFBC}") = "Assignment", "Assignment\Assignment.csproj", "{9F625E89-3E1A-4463-AD2C-2F59C0F86FFC}"
EndProject
Project("{FAE04EC0-301F-11D3-BF4B-00C04F79EFBC}") = "Assignment.Tests", "Assignment.Tests\Assignment.Tests.csproj", "{2D55B91E-BD6D-4E72-8B7B-5366A68AA8E2}"
EndProject
Global
	GlobalSection(SolutionConfigurationPlatforms) = preSolution
		Debug|Any CPU = Debug|Any CPU
		Debug|x64 = Debug|x64
		Debug|x86 = Debug|x86
		Release|Any CPU = Release|Any CPU
		Release|x64 = Release|x64
		Release|x86 = Release|x86
	EndGlobalSection
	GlobalSection(SolutionProperties) = preSolution
		HideSolutionNode = FALSE
	EndGlobalSection
	GlobalSection(ProjectConfigurationPlatforms) = postSolution
		{9F625E89-3E1A-4463-AD2C-2F59C0F86FFC}.Debug|Any CPU.ActiveCfg = Debug|Any CPU
		{9F625E89-3E1A-4463-AD2C-2F59C0F86FFC}.Debug|Any CPU.Build.0 = Debug|Any CPU
		{9F625E89-3E1A-4463-AD2C-2F59C0F86FFC}.Debug|x64.ActiveCfg = Debug|Any CPU
		{9F625E89-3E1A-4463-AD2C-2F59C0F86FFC}.Debug|x64.Build.0 = Debug|Any CPU
		{9F625E89-3E1A-4463-AD2C-2F59C0F86FFC}.Debug|x86.ActiveCfg = Debug|Any CPU
		{9F625E89-3E1A-4463-AD2C-2F59C0F86FFC}.Debug|x86.Build.0 = Debug|Any CPU
		{9F625E89-3E1A-4463-AD2C-2F59C0F86FFC}.Release|Any CPU.ActiveCfg = Release|Any CPU
		{9F625E89-3E1A-4463-AD2C-2F59C0F86FFC}.Release|Any CPU.Build.0 = Release|Any CPU
		{9F625E89-3E1A-4463-AD2C-2F59C0F86FFC}.Release|x64.ActiveCfg = Release|Any CPU
		{9F625E89-3E1A-4463-AD2C-2F59C0F86FFC}.Release|x64.Build.0 = Release|Any CPU
		{9F625E89-3E1A-4463-AD2C-2F59C0F86FFC}.Release|x86.ActiveCfg = Release|Any CPU
		{9F625E89-3E1A-4463-AD2C-2F59C0F86FFC}.Release|x86.Build.0 = Release|Any CPU
		{2D55B91E-BD6D-4E72-8B7B-5366A68AA8E2}.Debug|Any CPU.ActiveCfg = Debug|Any CPU
		{2D55B91E-BD6D-4E72-8B7B-5366A68AA8E2}.Debug|Any CPU.Build.0 = Debug|Any CPU
		{2D55B91E-BD6D-4E72-8B7B-5366A68AA8E2}.Debug|x64.ActiveCfg = Debug|Any CPU
		{2D55B91E-BD6D-4E72-8B7B-5366A68AA8E2}.Debug|x64.Build.0 = Debug|Any CPU
		{2D55B91E-BD6D-4E72-8B7B-5366A68AA8E2}.Debug|x86.ActiveCfg = Debug|Any CPU
		{2D55B91E-BD6D-4E72-8B7B-5366A68AA8E2}.Debug|x86.Build.0 = Debug|Any CPU
		{2D55B91E-BD6D-4E72-8B7B-5366A68AA8E2}.Release|Any CPU.ActiveCfg = Release|Any CPU
		{2D55B91E-BD6D-4E72-8B7B-5366A68AA8E2}.Release|Any CPU.Build.0 = Release|Any CPU
		{2D55B91E-BD6D-4E72-8B7B-5366A68AA8E2}.Release|x64.ActiveCfg = Release|Any CPU
		{2D55B91E-BD6D-4E72-8B7B-5366A68AA8E2}.Release|x64.Build.0 = Release|Any CPU
		{2D55B91E-BD6D-4E72-8B7B-5366A68AA8E2}.Release|x86.ActiveCfg = Release|Any CPU
		{2D55B91E-BD6D-4E72-8B7B-5366A68AA8E2}.Release|x86.Build.0 = Release|Any CPU
	EndGlobalSection
EndGlobal
